
Microsoft Visual Studio Solution File, Format Version 12.00
# Visual Studio Version 16
VisualStudioVersion = 16.0.31515.178
MinimumVisualStudioVersion = 10.0.40219.1
Project("{FAE04EC0-301F-11D3-BF4B-00C04F79EFBC}") = "CustomerProject", "CustomerProject\CustomerProject.csproj", "{A7D1ABA9-DE71-4B4F-91DD-2C25221B4714}"
EndProject
Global
	GlobalSection(SolutionConfigurationPlatforms) = preSolution
		Debug|Any CPU = Debug|Any CPU
		Release|Any CPU = Release|Any CPU
	EndGlobalSection
	GlobalSection(ProjectConfigurationPlatforms) = postSolution
		{A7D1ABA9-DE71-4B4F-91DD-2C25221B4714}.Debug|Any CPU.ActiveCfg = Debug|Any CPU
		{A7D1ABA9-DE71-4B4F-91DD-2C25221B4714}.Debug|Any CPU.Build.0 = Debug|Any CPU
		{A7D1ABA9-DE71-4B4F-91DD-2C25221B4714}.Release|Any CPU.ActiveCfg = Release|Any CPU
		{A7D1ABA9-DE71-4B4F-91DD-2C25221B4714}.Release|Any CPU.Build.0 = Release|Any CPU
	EndGlobalSection
	GlobalSection(SolutionProperties) = preSolution
		HideSolutionNode = FALSE
	EndGlobalSection
	GlobalSection(ExtensibilityGlobals) = postSolution
		SolutionGuid = {1A561AD8-F17E-4B7A-8A84-C0D8CBF77CCD}
	EndGlobalSection
EndGlobal
